
Microsoft Visual Studio Solution File, Format Version 12.00
# Visual Studio Version 17
VisualStudioVersion = 17.5.33424.131
MinimumVisualStudioVersion = 10.0.40219.1
Project("{F184B08F-C81C-45F6-A57F-5ABD9991F28F}") = "Table", "Table.vbproj", "{CD1511AE-B37C-4AF0-A6C0-CADDA2A02F45}"
EndProject
Global
	GlobalSection(SolutionConfigurationPlatforms) = preSolution
		Debug|Any CPU = Debug|Any CPU
		Release|Any CPU = Release|Any CPU
	EndGlobalSection
	GlobalSection(ProjectConfigurationPlatforms) = postSolution
		{CD1511AE-B37C-4AF0-A6C0-CADDA2A02F45}.Debug|Any CPU.ActiveCfg = Debug|Any CPU
		{CD1511AE-B37C-4AF0-A6C0-CADDA2A02F45}.Debug|Any CPU.Build.0 = Debug|Any CPU
		{CD1511AE-B37C-4AF0-A6C0-CADDA2A02F45}.Release|Any CPU.ActiveCfg = Release|Any CPU
		{CD1511AE-B37C-4AF0-A6C0-CADDA2A02F45}.Release|Any CPU.Build.0 = Release|Any CPU
	EndGlobalSection
	GlobalSection(SolutionProperties) = preSolution
		HideSolutionNode = FALSE
	EndGlobalSection
	GlobalSection(ExtensibilityGlobals) = postSolution
		SolutionGuid = {2721D894-2021-42A5-9C60-E0455331CFC9}
	EndGlobalSection
EndGlobal
